
Microsoft Visual Studio Solution File, Format Version 12.00
# Visual Studio Version 16
VisualStudioVersion = 16.0.30413.136
MinimumVisualStudioVersion = 10.0.40219.1
Project("{FAE04EC0-301F-11D3-BF4B-00C04F79EFBC}") = "Lab6", "Lab6.csproj", "{D3D982FD-228C-4283-A881-5004F08E8A4A}"
EndProject
Global
	GlobalSection(SolutionConfigurationPlatforms) = preSolution
		Debug|Any CPU = Debug|Any CPU
		Release|Any CPU = Release|Any CPU
	EndGlobalSection
	GlobalSection(ProjectConfigurationPlatforms) = postSolution
		{D3D982FD-228C-4283-A881-5004F08E8A4A}.Debug|Any CPU.ActiveCfg = Debug|Any CPU
		{D3D982FD-228C-4283-A881-5004F08E8A4A}.Debug|Any CPU.Build.0 = Debug|Any CPU
		{D3D982FD-228C-4283-A881-5004F08E8A4A}.Release|Any CPU.ActiveCfg = Release|Any CPU
		{D3D982FD-228C-4283-A881-5004F08E8A4A}.Release|Any CPU.Build.0 = Release|Any CPU
	EndGlobalSection
	GlobalSection(SolutionProperties) = preSolution
		HideSolutionNode = FALSE
	EndGlobalSection
	GlobalSection(ExtensibilityGlobals) = postSolution
		SolutionGuid = {B183C23E-B8DA-40E3-A703-3A4C3F25136E}
	EndGlobalSection
EndGlobal
